
Microsoft Visual Studio Solution File, Format Version 12.00
# Visual Studio Version 16
VisualStudioVersion = 16.0.31112.23
MinimumVisualStudioVersion = 10.0.40219.1
Project("{FAE04EC0-301F-11D3-BF4B-00C04F79EFBC}") = "WebApplication1", "WebApplication1\WebApplication1.csproj", "{DB242FA8-1AB4-4184-AC15-64CFBF2F6A2D}"
EndProject
Global
	GlobalSection(SolutionConfigurationPlatforms) = preSolution
		Debug|Any CPU = Debug|Any CPU
		Release|Any CPU = Release|Any CPU
	EndGlobalSection
	GlobalSection(ProjectConfigurationPlatforms) = postSolution
		{DB242FA8-1AB4-4184-AC15-64CFBF2F6A2D}.Debug|Any CPU.ActiveCfg = Debug|Any CPU
		{DB242FA8-1AB4-4184-AC15-64CFBF2F6A2D}.Debug|Any CPU.Build.0 = Debug|Any CPU
		{DB242FA8-1AB4-4184-AC15-64CFBF2F6A2D}.Release|Any CPU.ActiveCfg = Release|Any CPU
		{DB242FA8-1AB4-4184-AC15-64CFBF2F6A2D}.Release|Any CPU.Build.0 = Release|Any CPU
	EndGlobalSection
	GlobalSection(SolutionProperties) = preSolution
		HideSolutionNode = FALSE
	EndGlobalSection
	GlobalSection(ExtensibilityGlobals) = postSolution
		SolutionGuid = {0A610C16-FBF4-4433-B922-961191B50071}
	EndGlobalSection
EndGlobal
